
Microsoft Visual Studio Solution File, Format Version 12.00
# Visual Studio Version 17
VisualStudioVersion = 17.13.35806.99 d17.13
MinimumVisualStudioVersion = 10.0.40219.1
Project("{FAE04EC0-301F-11D3-BF4B-00C04F79EFBC}") = "Mygh2", "Mygh2\Mygh2.csproj", "{8106FB8F-F219-44CC-97E4-AA87D747F714}"
EndProject
Global
	GlobalSection(SolutionConfigurationPlatforms) = preSolution
		Debug|Any CPU = Debug|Any CPU
		Release|Any CPU = Release|Any CPU
	EndGlobalSection
	GlobalSection(ProjectConfigurationPlatforms) = postSolution
		{8106FB8F-F219-44CC-97E4-AA87D747F714}.Debug|Any CPU.ActiveCfg = Debug|Any CPU
		{8106FB8F-F219-44CC-97E4-AA87D747F714}.Debug|Any CPU.Build.0 = Debug|Any CPU
		{8106FB8F-F219-44CC-97E4-AA87D747F714}.Release|Any CPU.ActiveCfg = Release|Any CPU
		{8106FB8F-F219-44CC-97E4-AA87D747F714}.Release|Any CPU.Build.0 = Release|Any CPU
	EndGlobalSection
	GlobalSection(SolutionProperties) = preSolution
		HideSolutionNode = FALSE
	EndGlobalSection
	GlobalSection(ExtensibilityGlobals) = postSolution
		SolutionGuid = {293D8467-2185-488B-BEFA-70CD2A3F5C39}
	EndGlobalSection
EndGlobal
